
Microsoft Visual Studio Solution File, Format Version 12.00
# Visual Studio Version 17
VisualStudioVersion = 17.0.31903.59
MinimumVisualStudioVersion = 10.0.40219.1
Project("{FAE04EC0-301F-11D3-BF4B-00C04F79EFBC}") = "BLL", "BLL\BLL.csproj", "{E97DB6B8-A8C9-4F53-9C32-78F263A7EFCF}"
EndProject
Project("{FAE04EC0-301F-11D3-BF4B-00C04F79EFBC}") = "BOL", "BOL\BOL.csproj", "{723A1665-89B3-40C7-845B-9EA190C217DF}"
EndProject
Project("{FAE04EC0-301F-11D3-BF4B-00C04F79EFBC}") = "DAL", "DAL\DAL.csproj", "{5BB9AABF-E8B4-45B5-A2A4-70585F29A62B}"
EndProject
Project("{FAE04EC0-301F-11D3-BF4B-00C04F79EFBC}") = "EPizzaStore", "EPizzaStore\EPizzaStore.csproj", "{3D535DEF-BD4C-4F7E-AA0A-7AD8D2FFB92A}"
EndProject
Global
	GlobalSection(SolutionConfigurationPlatforms) = preSolution
		Debug|Any CPU = Debug|Any CPU
		Release|Any CPU = Release|Any CPU
	EndGlobalSection
	GlobalSection(SolutionProperties) = preSolution
		HideSolutionNode = FALSE
	EndGlobalSection
	GlobalSection(ProjectConfigurationPlatforms) = postSolution
		{E97DB6B8-A8C9-4F53-9C32-78F263A7EFCF}.Debug|Any CPU.ActiveCfg = Debug|Any CPU
		{E97DB6B8-A8C9-4F53-9C32-78F263A7EFCF}.Debug|Any CPU.Build.0 = Debug|Any CPU
		{E97DB6B8-A8C9-4F53-9C32-78F263A7EFCF}.Release|Any CPU.ActiveCfg = Release|Any CPU
		{E97DB6B8-A8C9-4F53-9C32-78F263A7EFCF}.Release|Any CPU.Build.0 = Release|Any CPU
		{723A1665-89B3-40C7-845B-9EA190C217DF}.Debug|Any CPU.ActiveCfg = Debug|Any CPU
		{723A1665-89B3-40C7-845B-9EA190C217DF}.Debug|Any CPU.Build.0 = Debug|Any CPU
		{723A1665-89B3-40C7-845B-9EA190C217DF}.Release|Any CPU.ActiveCfg = Release|Any CPU
		{723A1665-89B3-40C7-845B-9EA190C217DF}.Release|Any CPU.Build.0 = Release|Any CPU
		{5BB9AABF-E8B4-45B5-A2A4-70585F29A62B}.Debug|Any CPU.ActiveCfg = Debug|Any CPU
		{5BB9AABF-E8B4-45B5-A2A4-70585F29A62B}.Debug|Any CPU.Build.0 = Debug|Any CPU
		{5BB9AABF-E8B4-45B5-A2A4-70585F29A62B}.Release|Any CPU.ActiveCfg = Release|Any CPU
		{5BB9AABF-E8B4-45B5-A2A4-70585F29A62B}.Release|Any CPU.Build.0 = Release|Any CPU
		{3D535DEF-BD4C-4F7E-AA0A-7AD8D2FFB92A}.Debug|Any CPU.ActiveCfg = Debug|Any CPU
		{3D535DEF-BD4C-4F7E-AA0A-7AD8D2FFB92A}.Debug|Any CPU.Build.0 = Debug|Any CPU
		{3D535DEF-BD4C-4F7E-AA0A-7AD8D2FFB92A}.Release|Any CPU.ActiveCfg = Release|Any CPU
		{3D535DEF-BD4C-4F7E-AA0A-7AD8D2FFB92A}.Release|Any CPU.Build.0 = Release|Any CPU
	EndGlobalSection
EndGlobal
